// !$*UTF8*$!
{
	archiveVersion = 1;
	classes = {
	};
	objectVersion = 46;
	objects = {

/* Begin PBXBuildFile section */
		DDE38FB41EAFA7D300163BC4 /* AppDelegate.swift in Sources */ = {isa = PBXBuildFile; fileRef = DDE38FB31EAFA7D300163BC4 /* AppDelegate.swift */; };
		DDE38FB61EAFA7D300163BC4 /* ListViewController.swift in Sources */ = {isa = PBXBuildFile; fileRef = DDE38FB51EAFA7D300163BC4 /* ListViewController.swift */; };
		DDE38FB91EAFA7D300163BC4 /* Main.storyboard in Resources */ = {isa = PBXBuildFile; fileRef = DDE38FB71EAFA7D300163BC4 /* Main.storyboard */; };
		DDE38FBB1EAFA7D300163BC4 /* Assets.xcassets in Resources */ = {isa = PBXBuildFile; fileRef = DDE38FBA1EAFA7D300163BC4 /* Assets.xcassets */; };
		DDE38FBE1EAFA7D300163BC4 /* LaunchScreen.storyboard in Resources */ = {isa = PBXBuildFile; fileRef = DDE38FBC1EAFA7D300163BC4 /* LaunchScreen.storyboard */; };
		DDE38FC61EAFA7F400163BC4 /* NetworkRequestor.swift in Sources */ = {isa = PBXBuildFile; fileRef = DDE38FC51EAFA7F400163BC4 /* NetworkRequestor.swift */; };
		DDE38FC81EAFA80100163BC4 /* Constants.swift in Sources */ = {isa = PBXBuildFile; fileRef = DDE38FC71EAFA80100163BC4 /* Constants.swift */; };
		DDE38FCA1EAFA93600163BC4 /* DataModel.swift in Sources */ = {isa = PBXBuildFile; fileRef = DDE38FC91EAFA93600163BC4 /* DataModel.swift */; };
		DDE38FCC1EAFAF4D00163BC4 /* Extensions.swift in Sources */ = {isa = PBXBuildFile; fileRef = DDE38FCB1EAFAF4D00163BC4 /* Extensions.swift */; };
		DDE38FCE1EAFAFF400163BC4 /* ListTableViewCell.swift in Sources */ = {isa = PBXBuildFile; fileRef = DDE38FCD1EAFAFF400163BC4 /* ListTableViewCell.swift */; };
		DDE38FD01EAFC49900163BC4 /* Detail.storyboard in Resources */ = {isa = PBXBuildFile; fileRef = DDE38FCF1EAFC49900163BC4 /* Detail.storyboard */; };
		DDE38FD21EAFC52400163BC4 /* DetailViewController.swift in Sources */ = {isa = PBXBuildFile; fileRef = DDE38FD11EAFC52400163BC4 /* DetailViewController.swift */; };
		DDE38FD41EAFC9C500163BC4 /* DetailTableViewCell.swift in Sources */ = {isa = PBXBuildFile; fileRef = DDE38FD31EAFC9C500163BC4 /* DetailTableViewCell.swift */; };
/* End PBXBuildFile section */

/* Begin PBXFileReference section */
		DDE38FB01EAFA7D300163BC4 /* Kubra.app */ = {isa = PBXFileReference; explicitFileType = wrapper.application; includeInIndex = 0; path = Kubra.app; sourceTree = BUILT_PRODUCTS_DIR; };
		DDE38FB31EAFA7D300163BC4 /* AppDelegate.swift */ = {isa = PBXFileReference; lastKnownFileType = sourcecode.swift; path = AppDelegate.swift; sourceTree = "<group>"; };
		DDE38FB51EAFA7D300163BC4 /* ListViewController.swift */ = {isa = PBXFileReference; lastKnownFileType = sourcecode.swift; path = ListViewController.swift; sourceTree = "<group>"; };
		DDE38FB81EAFA7D300163BC4 /* Base */ = {isa = PBXFileReference; lastKnownFileType = file.storyboard; name = Base; path = Base.lproj/Main.storyboard; sourceTree = "<group>"; };
		DDE38FBA1EAFA7D300163BC4 /* Assets.xcassets */ = {isa = PBXFileReference; lastKnownFileType = folder.assetcatalog; path = Assets.xcassets; sourceTree = "<group>"; };
		DDE38FBD1EAFA7D300163BC4 /* Base */ = {isa = PBXFileReference; lastKnownFileType = file.storyboard; name = Base; path = Base.lproj/LaunchScreen.storyboard; sourceTree = "<group>"; };
		DDE38FBF1EAFA7D300163BC4 /* Info.plist */ = {isa = PBXFileReference; lastKnownFileType = text.plist.xml; path = Info.plist; sourceTree = "<group>"; };
		DDE38FC51EAFA7F400163BC4 /* NetworkRequestor.swift */ = {isa = PBXFileReference; fileEncoding = 4; lastKnownFileType = sourcecode.swift; path = NetworkRequestor.swift; sourceTree = "<group>"; };
		DDE38FC71EAFA80100163BC4 /* Constants.swift */ = {isa = PBXFileReference; fileEncoding = 4; lastKnownFileType = sourcecode.swift; path = Constants.swift; sourceTree = "<group>"; };
		DDE38FC91EAFA93600163BC4 /* DataModel.swift */ = {isa = PBXFileReference; fileEncoding = 4; lastKnownFileType = sourcecode.swift; path = DataModel.swift; sourceTree = "<group>"; };
		DDE38FCB1EAFAF4D00163BC4 /* Extensions.swift */ = {isa = PBXFileReference; fileEncoding = 4; lastKnownFileType = sourcecode.swift; path = Extensions.swift; sourceTree = "<group>"; };
		DDE38FCD1EAFAFF400163BC4 /* ListTableViewCell.swift */ = {isa = PBXFileReference; fileEncoding = 4; lastKnownFileType = sourcecode.swift; path = ListTableViewCell.swift; sourceTree = "<group>"; };
		DDE38FCF1EAFC49900163BC4 /* Detail.storyboard */ = {isa = PBXFileReference; fileEncoding = 4; lastKnownFileType = file.storyboard; path = Detail.storyboard; sourceTree = "<group>"; };
		DDE38FD11EAFC52400163BC4 /* DetailViewController.swift */ = {isa = PBXFileReference; fileEncoding = 4; lastKnownFileType = sourcecode.swift; path = DetailViewController.swift; sourceTree = "<group>"; };
		DDE38FD31EAFC9C500163BC4 /* DetailTableViewCell.swift */ = {isa = PBXFileReference; fileEncoding = 4; lastKnownFileType = sourcecode.swift; path = DetailTableViewCell.swift; sourceTree = "<group>"; };
/* End PBXFileReference section */

/* Begin PBXFrameworksBuildPhase section */
		DDE38FAD1EAFA7D300163BC4 /* Frameworks */ = {
			isa = PBXFrameworksBuildPhase;
			buildActionMask = 2147483647;
			files = (
			);
			runOnlyForDeploymentPostprocessing = 0;
		};
/* End PBXFrameworksBuildPhase section */

/* Begin PBXGroup section */
		DDE38FA71EAFA7D300163BC4 = {
			isa = PBXGroup;
			children = (
				DDE38FB21EAFA7D300163BC4 /* Kubra */,
				DDE38FB11EAFA7D300163BC4 /* Products */,
			);
			sourceTree = "<group>";
		};
		DDE38FB11EAFA7D300163BC4 /* Products */ = {
			isa = PBXGroup;
			children = (
				DDE38FB01EAFA7D300163BC4 /* Kubra.app */,
			);
			name = Products;
			sourceTree = "<group>";
		};
		DDE38FB21EAFA7D300163BC4 /* Kubra */ = {
			isa = PBXGroup;
			children = (
				DDE38FB31EAFA7D300163BC4 /* AppDelegate.swift */,
				DDE38FB51EAFA7D300163BC4 /* ListViewController.swift */,
				DDE38FB71EAFA7D300163BC4 /* Main.storyboard */,
				DDE38FBA1EAFA7D300163BC4 /* Assets.xcassets */,
				DDE38FBC1EAFA7D300163BC4 /* LaunchScreen.storyboard */,
				DDE38FBF1EAFA7D300163BC4 /* Info.plist */,
				DDE38FC51EAFA7F400163BC4 /* NetworkRequestor.swift */,
				DDE38FC71EAFA80100163BC4 /* Constants.swift */,
				DDE38FC91EAFA93600163BC4 /* DataModel.swift */,
				DDE38FCB1EAFAF4D00163BC4 /* Extensions.swift */,
				DDE38FCD1EAFAFF400163BC4 /* ListTableViewCell.swift */,
				DDE38FCF1EAFC49900163BC4 /* Detail.storyboard */,
				DDE38FD11EAFC52400163BC4 /* DetailViewController.swift */,
				DDE38FD31EAFC9C500163BC4 /* DetailTableViewCell.swift */,
			);
			path = Kubra;
			sourceTree = "<group>";
		};
/* End PBXGroup section */

/* Begin PBXNativeTarget section */
		DDE38FAF1EAFA7D300163BC4 /* Kubra */ = {
			isa = PBXNativeTarget;
			buildConfigurationList = DDE38FC21EAFA7D300163BC4 /* Build configuration list for PBXNativeTarget "Kubra" */;
			buildPhases = (
				DDE38FAC1EAFA7D300163BC4 /* Sources */,
				DDE38FAD1EAFA7D300163BC4 /* Frameworks */,
				DDE38FAE1EAFA7D300163BC4 /* Resources */,
			);
			buildRules = (
			);
			dependencies = (
			);
			name = Kubra;
			productName = Kubra;
			productReference = DDE38FB01EAFA7D300163BC4 /* Kubra.app */;
			productType = "com.apple.product-type.application";
		};
/* End PBXNativeTarget section */

/* Begin PBXProject section */
		DDE38FA81EAFA7D300163BC4 /* Project object */ = {
			isa = PBXProject;
			attributes = {
				LastSwiftUpdateCheck = 0830;
				LastUpgradeCheck = 0830;
				ORGANIZATIONNAME = "Srikanth Adavalli";
				TargetAttributes = {
					DDE38FAF1EAFA7D300163BC4 = {
						CreatedOnToolsVersion = 8.3.2;
						ProvisioningStyle = Automatic;
					};
				};
			};
			buildConfigurationList = DDE38FAB1EAFA7D300163BC4 /* Build configuration list for PBXProject "Kubra" */;
			compatibilityVersion = "Xcode 3.2";
			developmentRegion = English;
			hasScannedForEncodings = 0;
			knownRegions = (
				en,
				Base,
			);
			mainGroup = DDE38FA71EAFA7D300163BC4;
			productRefGroup = DDE38FB11EAFA7D300163BC4 /* Products */;
			projectDirPath = "";
			projectRoot = "";
			targets = (
				DDE38FAF1EAFA7D300163BC4 /* Kubra */,
			);
		};
/* End PBXProject section */

/* Begin PBXResourcesBuildPhase section */
		DDE38FAE1EAFA7D300163BC4 /* Resources */ = {
			isa = PBXResourcesBuildPhase;
			buildActionMask = 2147483647;
			files = (
				DDE38FBE1EAFA7D300163BC4 /* LaunchScreen.storyboard in Resources */,
				DDE38FBB1EAFA7D300163BC4 /* Assets.xcassets in Resources */,
				DDE38FB91EAFA7D300163BC4 /* Main.storyboard in Resources */,
				DDE38FD01EAFC49900163BC4 /* Detail.storyboard in Resources */,
			);
			runOnlyForDeploymentPostprocessing = 0;
		};
/* End PBXResourcesBuildPhase section */

/* Begin PBXSourcesBuildPhase section */
		DDE38FAC1EAFA7D300163BC4 /* Sources */ = {
			isa = PBXSourcesBuildPhase;
			buildActionMask = 2147483647;
			files = (
				DDE38FD41EAFC9C500163BC4 /* DetailTableViewCell.swift in Sources */,
				DDE38FCE1EAFAFF400163BC4 /* ListTableViewCell.swift in Sources */,
				DDE38FCA1EAFA93600163BC4 /* DataModel.swift in Sources */,
				DDE38FCC1EAFAF4D00163BC4 /* Extensions.swift in Sources */,
				DDE38FB61EAFA7D300163BC4 /* ListViewController.swift in Sources */,
				DDE38FC61EAFA7F400163BC4 /* NetworkRequestor.swift in Sources */,
				DDE38FB41EAFA7D300163BC4 /* AppDelegate.swift in Sources */,
				DDE38FC81EAFA80100163BC4 /* Constants.swift in Sources */,
				DDE38FD21EAFC52400163BC4 /* DetailViewController.swift in Sources */,
			);
			runOnlyForDeploymentPostprocessing = 0;
		};
/* End PBXSourcesBuildPhase section */

/* Begin PBXVariantGroup section */
		DDE38FB71EAFA7D300163BC4 /* Main.storyboard */ = {
			isa = PBXVariantGroup;
			children = (
				DDE38FB81EAFA7D300163BC4 /* Base */,
			);
			name = Main.storyboard;
			sourceTree = "<group>";
		};
		DDE38FBC1EAFA7D300163BC4 /* LaunchScreen.storyboard */ = {
			isa = PBXVariantGroup;
			children = (
				DDE38FBD1EAFA7D300163BC4 /* Base */,
			);
			name = LaunchScreen.storyboard;
			sourceTree = "<group>";
		};
/* End PBXVariantGroup section */

/* Begin XCBuildConfiguration section */
		DDE38FC01EAFA7D300163BC4 /* Debug */ = {
			isa = XCBuildConfiguration;
			buildSettings = {
				ALWAYS_SEARCH_USER_PATHS = NO;
				CLANG_ANALYZER_NONNULL = YES;
				CLANG_ANALYZER_NUMBER_OBJECT_CONVERSION = YES_AGGRESSIVE;
				CLANG_CXX_LANGUAGE_STANDARD = "gnu++0x";
				CLANG_CXX_LIBRARY = "libc++";
				CLANG_ENABLE_MODULES = YES;
				CLANG_ENABLE_OBJC_ARC = YES;
				CLANG_WARN_BOOL_CONVERSION = YES;
				CLANG_WARN_CONSTANT_CONVERSION = YES;
				CLANG_WARN_DIRECT_OBJC_ISA_USAGE = YES_ERROR;
				CLANG_WARN_DOCUMENTATION_COMMENTS = YES;
				CLANG_WARN_EMPTY_BODY = YES;
				CLANG_WARN_ENUM_CONVERSION = YES;
				CLANG_WARN_INFINITE_RECURSION = YES;
				CLANG_WARN_INT_CONVERSION = YES;
				CLANG_WARN_OBJC_ROOT_CLASS = YES_ERROR;
				CLANG_WARN_SUSPICIOUS_MOVE = YES;
				CLANG_WARN_UNREACHABLE_CODE = YES;
				CLANG_WARN__DUPLICATE_METHOD_MATCH = YES;
				"CODE_SIGN_IDENTITY[sdk=iphoneos*]" = "iPhone Developer";
				COPY_PHASE_STRIP = NO;
				DEBUG_INFORMATION_FORMAT = dwarf;
				ENABLE_STRICT_OBJC_MSGSEND = YES;
				ENABLE_TESTABILITY = YES;
				GCC_C_LANGUAGE_STANDARD = gnu99;
				GCC_DYNAMIC_NO_PIC = NO;
				GCC_NO_COMMON_BLOCKS = YES;
				GCC_OPTIMIZATION_LEVEL = 0;
				GCC_PREPROCESSOR_DEFINITIONS = (
					"DEBUG=1",
					"$(inherited)",
				);
				GCC_WARN_64_TO_32_BIT_CONVERSION = YES;
				GCC_WARN_ABOUT_RETURN_TYPE = YES_ERROR;
				GCC_WARN_UNDECLARED_SELECTOR = YES;
				GCC_WARN_UNINITIALIZED_AUTOS = YES_AGGRESSIVE;
				GCC_WARN_UNUSED_FUNCTION = YES;
				GCC_WARN_UNUSED_VARIABLE = YES;
				IPHONEOS_DEPLOYMENT_TARGET = 10.3;
				MTL_ENABLE_DEBUG_INFO = YES;
				ONLY_ACTIVE_ARCH = YES;
				SDKROOT = iphoneos;
				SWIFT_ACTIVE_COMPILATION_CONDITIONS = DEBUG;
				SWIFT_OPTIMIZATION_LEVEL = "-Onone";
				TARGETED_DEVICE_FAMILY = "1,2";
			};
			name = Debug;
		};
		DDE38FC11EAFA7D300163BC4 /* Release */ = {
			isa = XCBuildConfiguration;
			buildSettings = {
				ALWAYS_SEARCH_USER_PATHS = NO;
				CLANG_ANALYZER_NONNULL = YES;
				CLANG_ANALYZER_NUMBER_OBJECT_CONVERSION = YES_AGGRESSIVE;
				CLANG_CXX_LANGUAGE_STANDARD = "gnu++0x";
				CLANG_CXX_LIBRARY = "libc++";
				CLANG_ENABLE_MODULES = YES;
				CLANG_ENABLE_OBJC_ARC = YES;
				CLANG_WARN_BOOL_CONVERSION = YES;
				CLANG_WARN_CONSTANT_CONVERSION = YES;
				CLANG_WARN_DIRECT_OBJC_ISA_USAGE = YES_ERROR;
				CLANG_WARN_DOCUMENTATION_COMMENTS = YES;
				CLANG_WARN_EMPTY_BODY = YES;
				CLANG_WARN_ENUM_CONVERSION = YES;
				CLANG_WARN_INFINITE_RECURSION = YES;
				CLANG_WARN_INT_CONVERSION = YES;
				CLANG_WARN_OBJC_ROOT_CLASS = YES_ERROR;
				CLANG_WARN_SUSPICIOUS_MOVE = YES;
				CLANG_WARN_UNREACHABLE_CODE = YES;
				CLANG_WARN__DUPLICATE_METHOD_MATCH = YES;
				"CODE_SIGN_IDENTITY[sdk=iphoneos*]" = "iPhone Developer";
				COPY_PHASE_STRIP = NO;
				DEBUG_INFORMATION_FORMAT = "dwarf-with-dsym";
				ENABLE_NS_ASSERTIONS = NO;
				ENABLE_STRICT_OBJC_MSGSEND = YES;
				GCC_C_LANGUAGE_STANDARD = gnu99;
				GCC_NO_COMMON_BLOCKS = YES;
				GCC_WARN_64_TO_32_BIT_CONVERSION = YES;
				GCC_WARN_ABOUT_RETURN_TYPE = YES_ERROR;
				GCC_WARN_UNDECLARED_SELECTOR = YES;
				GCC_WARN_UNINITIALIZED_AUTOS = YES_AGGRESSIVE;
				GCC_WARN_UNUSED_FUNCTION = YES;
				GCC_WARN_UNUSED_VARIABLE = YES;
				IPHONEOS_DEPLOYMENT_TARGET = 10.3;
				MTL_ENABLE_DEBUG_INFO = NO;
				SDKROOT = iphoneos;
				SWIFT_OPTIMIZATION_LEVEL = "-Owholemodule";
				TARGETED_DEVICE_FAMILY = "1,2";
				VALIDATE_PRODUCT = YES;
			};
			name = Release;
		};
		DDE38FC31EAFA7D300163BC4 /* Debug */ = {
			isa = XCBuildConfiguration;
			buildSettings = {
				ASSETCATALOG_COMPILER_APPICON_NAME = AppIcon;
				INFOPLIST_FILE = Kubra/Info.plist;
				LD_RUNPATH_SEARCH_PATHS = "$(inherited) @executable_path/Frameworks";
				PRODUCT_BUNDLE_IDENTIFIER = com.virtusa.Kubra;
				PRODUCT_NAME = "$(TARGET_NAME)";
				SWIFT_VERSION = 3.0;
			};
			name = Debug;
		};
		DDE38FC41EAFA7D300163BC4 /* Release */ = {
			isa = XCBuildConfiguration;
			buildSettings = {
				ASSETCATALOG_COMPILER_APPICON_NAME = AppIcon;
				INFOPLIST_FILE = Kubra/Info.plist;
				LD_RUNPATH_SEARCH_PATHS = "$(inherited) @executable_path/Frameworks";
				PRODUCT_BUNDLE_IDENTIFIER = com.virtusa.Kubra;
				PRODUCT_NAME = "$(TARGET_NAME)";
				SWIFT_VERSION = 3.0;
			};
			name = Release;
		};
/* End XCBuildConfiguration section */

/* Begin XCConfigurationList section */
		DDE38FAB1EAFA7D300163BC4 /* Build configuration list for PBXProject "Kubra" */ = {
			isa = XCConfigurationList;
			buildConfigurations = (
				DDE38FC01EAFA7D300163BC4 /* Debug */,
				DDE38FC11EAFA7D300163BC4 /* Release */,
			);
			defaultConfigurationIsVisible = 0;
			defaultConfigurationName = Release;
		};
		DDE38FC21EAFA7D300163BC4 /* Build configuration list for PBXNativeTarget "Kubra" */ = {
			isa = XCConfigurationList;
			buildConfigurations = (
				DDE38FC31EAFA7D300163BC4 /* Debug */,
				DDE38FC41EAFA7D300163BC4 /* Release */,
			);
			defaultConfigurationIsVisible = 0;
		};
/* End XCConfigurationList section */
	};
	rootObject = DDE38FA81EAFA7D300163BC4 /* Project object */;
}
